
Microsoft Visual Studio Solution File, Format Version 12.00
# Visual Studio Version 17
VisualStudioVersion = 17.5.33414.496
MinimumVisualStudioVersion = 10.0.40219.1
Project("{FAE04EC0-301F-11D3-BF4B-00C04F79EFBC}") = "Homework1", "Homework1\Homework1.csproj", "{D8E27065-74BB-4873-846B-068C0CE7981A}"
EndProject
Global
	GlobalSection(SolutionConfigurationPlatforms) = preSolution
		Debug|Any CPU = Debug|Any CPU
		Release|Any CPU = Release|Any CPU
	EndGlobalSection
	GlobalSection(ProjectConfigurationPlatforms) = postSolution
		{D8E27065-74BB-4873-846B-068C0CE7981A}.Debug|Any CPU.ActiveCfg = Debug|Any CPU
		{D8E27065-74BB-4873-846B-068C0CE7981A}.Debug|Any CPU.Build.0 = Debug|Any CPU
		{D8E27065-74BB-4873-846B-068C0CE7981A}.Release|Any CPU.ActiveCfg = Release|Any CPU
		{D8E27065-74BB-4873-846B-068C0CE7981A}.Release|Any CPU.Build.0 = Release|Any CPU
	EndGlobalSection
	GlobalSection(SolutionProperties) = preSolution
		HideSolutionNode = FALSE
	EndGlobalSection
	GlobalSection(ExtensibilityGlobals) = postSolution
		SolutionGuid = {2D065041-BCA3-4BB9-8991-508066ABCE53}
	EndGlobalSection
EndGlobal
